
Microsoft Visual Studio Solution File, Format Version 12.00
# Visual Studio Version 16
VisualStudioVersion = 16.0.30114.105
MinimumVisualStudioVersion = 10.0.40219.1
Project("{FAE04EC0-301F-11D3-BF4B-00C04F79EFBC}") = "Web-Billing-System", "Web-Billing-System.csproj", "{03AE7259-8F24-4356-BC9E-59FBCE041C2F}"
EndProject
Project("{FAE04EC0-301F-11D3-BF4B-00C04F79EFBC}") = "System.BLL", "..\System.BLL\System.BLL.csproj", "{721017F3-931C-4224-8850-B52CA5D18DC5}"
EndProject
Project("{FAE04EC0-301F-11D3-BF4B-00C04F79EFBC}") = "System.DAL", "..\System.DAL\System.DAL.csproj", "{A07558B4-0635-4D4C-A74F-B169C921721F}"
EndProject
Project("{FAE04EC0-301F-11D3-BF4B-00C04F79EFBC}") = "System.Model", "..\System.Model\System.Model.csproj", "{325450FB-3557-4748-9649-8105789A529C}"
EndProject
Global
	GlobalSection(SolutionConfigurationPlatforms) = preSolution
		Debug|Any CPU = Debug|Any CPU
		Release|Any CPU = Release|Any CPU
	EndGlobalSection
	GlobalSection(ProjectConfigurationPlatforms) = postSolution
		{03AE7259-8F24-4356-BC9E-59FBCE041C2F}.Debug|Any CPU.ActiveCfg = Debug|Any CPU
		{03AE7259-8F24-4356-BC9E-59FBCE041C2F}.Debug|Any CPU.Build.0 = Debug|Any CPU
		{03AE7259-8F24-4356-BC9E-59FBCE041C2F}.Release|Any CPU.ActiveCfg = Release|Any CPU
		{03AE7259-8F24-4356-BC9E-59FBCE041C2F}.Release|Any CPU.Build.0 = Release|Any CPU
		{721017F3-931C-4224-8850-B52CA5D18DC5}.Debug|Any CPU.ActiveCfg = Debug|Any CPU
		{721017F3-931C-4224-8850-B52CA5D18DC5}.Debug|Any CPU.Build.0 = Debug|Any CPU
		{721017F3-931C-4224-8850-B52CA5D18DC5}.Release|Any CPU.ActiveCfg = Release|Any CPU
		{721017F3-931C-4224-8850-B52CA5D18DC5}.Release|Any CPU.Build.0 = Release|Any CPU
		{A07558B4-0635-4D4C-A74F-B169C921721F}.Debug|Any CPU.ActiveCfg = Debug|Any CPU
		{A07558B4-0635-4D4C-A74F-B169C921721F}.Debug|Any CPU.Build.0 = Debug|Any CPU
		{A07558B4-0635-4D4C-A74F-B169C921721F}.Release|Any CPU.ActiveCfg = Release|Any CPU
		{A07558B4-0635-4D4C-A74F-B169C921721F}.Release|Any CPU.Build.0 = Release|Any CPU
		{325450FB-3557-4748-9649-8105789A529C}.Debug|Any CPU.ActiveCfg = Debug|Any CPU
		{325450FB-3557-4748-9649-8105789A529C}.Debug|Any CPU.Build.0 = Debug|Any CPU
		{325450FB-3557-4748-9649-8105789A529C}.Release|Any CPU.ActiveCfg = Release|Any CPU
		{325450FB-3557-4748-9649-8105789A529C}.Release|Any CPU.Build.0 = Release|Any CPU
	EndGlobalSection
	GlobalSection(SolutionProperties) = preSolution
		HideSolutionNode = FALSE
	EndGlobalSection
	GlobalSection(ExtensibilityGlobals) = postSolution
		SolutionGuid = {5E64AD8D-818A-450D-AA70-FA857BD3F20C}
	EndGlobalSection
EndGlobal
